
Microsoft Visual Studio Solution File, Format Version 12.00
# Visual Studio Version 16
VisualStudioVersion = 16.0.30804.86
MinimumVisualStudioVersion = 10.0.40219.1
Project("{FAE04EC0-301F-11D3-BF4B-00C04F79EFBC}") = "Hotel Reservations Manager", "Hotel Reservations Manager.csproj", "{8D0E0CAB-67BE-4944-B351-9560C8771894}"
EndProject
Global
	GlobalSection(SolutionConfigurationPlatforms) = preSolution
		Debug|Any CPU = Debug|Any CPU
		Release|Any CPU = Release|Any CPU
	EndGlobalSection
	GlobalSection(ProjectConfigurationPlatforms) = postSolution
		{8D0E0CAB-67BE-4944-B351-9560C8771894}.Debug|Any CPU.ActiveCfg = Debug|Any CPU
		{8D0E0CAB-67BE-4944-B351-9560C8771894}.Debug|Any CPU.Build.0 = Debug|Any CPU
		{8D0E0CAB-67BE-4944-B351-9560C8771894}.Release|Any CPU.ActiveCfg = Release|Any CPU
		{8D0E0CAB-67BE-4944-B351-9560C8771894}.Release|Any CPU.Build.0 = Release|Any CPU
	EndGlobalSection
	GlobalSection(SolutionProperties) = preSolution
		HideSolutionNode = FALSE
	EndGlobalSection
	GlobalSection(ExtensibilityGlobals) = postSolution
		SolutionGuid = {FCF3571A-5102-4880-A0A9-67903C6B4552}
	EndGlobalSection
EndGlobal
